{
  "nodes": {
    "nixpkgs": {
      "locked": {
        "lastModified": 1675431879,
        "narHash": "sha256-kF/24JC5syftRJE64GMK14/vdLRbuEzZjV1cqxBfCeU=",
        "owner": "NixOS",
        "repo": "nixpkgs",
        "rev": "959190ecf6e5b8c7c30721f3235de84d568359ee",
        "type": "github"
      },
      "original": {
        "owner": "NixOS",
        "ref": "nixpkgs-unstable",
        "repo": "nixpkgs",
        "type": "github"
      }
    },
    "root": {
      "inputs": {
        "nixpkgs": "nixpkgs"
      }
    }
  },
  "root": "root",
  "version": 7
}
